{
  "name": "comment",
  "version": "1.0.0",
  "lockfileVersion": 1,
  "requires": true,
  "dependencies": {
    "verbal-expressions": {
      "version": "0.3.0",
      "resolved": "https://registry.npmjs.org/verbal-expressions/-/verbal-expressions-0.3.0.tgz",
      "integrity": "sha1-SSRHur/kTdiYAmM8RRgFJhfVJ7I=",
      "dev": true
    }
  }
}
